// !$*UTF8*$!
{
	archiveVersion = 1;
	classes = {
	};
	objectVersion = 56;
	objects = {

/* Begin PBXBuildFile section */
		520143002B17603F00E7A5BE /* NetworkError.swift in Sources */ = {isa = PBXBuildFile; fileRef = 520142FF2B17603F00E7A5BE /* NetworkError.swift */; };
		5207BD632ADC3F3400979A94 /* ImagesListCell.swift in Sources */ = {isa = PBXBuildFile; fileRef = 5207BD622ADC3F3400979A94 /* ImagesListCell.swift */; };
		5222F4AB2B2B2F35002657A0 /* Kingfisher in Frameworks */ = {isa = PBXBuildFile; productRef = 5222F4AA2B2B2F35002657A0 /* Kingfisher */; };
		5222F4AE2B2B305B002657A0 /* SwiftKeychainWrapper in Frameworks */ = {isa = PBXBuildFile; productRef = 5222F4AD2B2B305B002657A0 /* SwiftKeychainWrapper */; };
		5222F4B12B2C64E7002657A0 /* TabBarController.swift in Sources */ = {isa = PBXBuildFile; fileRef = 5222F4B02B2C64E7002657A0 /* TabBarController.swift */; };
		5222F4B32B2DDCBF002657A0 /* AlertPresenter.swift in Sources */ = {isa = PBXBuildFile; fileRef = 5222F4B22B2DDCBF002657A0 /* AlertPresenter.swift */; };
		52527DC82B20661A00452F56 /* ProgressHUD in Frameworks */ = {isa = PBXBuildFile; productRef = 52527DC72B20661A00452F56 /* ProgressHUD */; };
		52527DCA2B20902400452F56 /* UIBlockingProgressHUD.swift in Sources */ = {isa = PBXBuildFile; fileRef = 52527DC92B20902400452F56 /* UIBlockingProgressHUD.swift */; };
		52527DCC2B20922C00452F56 /* ProfileService.swift in Sources */ = {isa = PBXBuildFile; fileRef = 52527DCB2B20922C00452F56 /* ProfileService.swift */; };
		52527DCE2B20938D00452F56 /* ProfilrStructure.swift in Sources */ = {isa = PBXBuildFile; fileRef = 52527DCD2B20938D00452F56 /* ProfilrStructure.swift */; };
		52527DD02B21E1CA00452F56 /* Extenslons+ReqestBuilder.swift in Sources */ = {isa = PBXBuildFile; fileRef = 52527DCF2B21E1CA00452F56 /* Extenslons+ReqestBuilder.swift */; };
		527FD6402B25EA6C001B4F6A /* ProfileImageService.swift in Sources */ = {isa = PBXBuildFile; fileRef = 527FD63F2B25EA6C001B4F6A /* ProfileImageService.swift */; };
		52A9D93D2AE3CE2B00927024 /* ProfileViewController.swift in Sources */ = {isa = PBXBuildFile; fileRef = 52A9D93C2AE3CE2B00927024 /* ProfileViewController.swift */; };
		52C1EF5D2AD083E800FAEDAA /* AppDelegate.swift in Sources */ = {isa = PBXBuildFile; fileRef = 52C1EF5C2AD083E800FAEDAA /* AppDelegate.swift */; };
		52C1EF5F2AD083E800FAEDAA /* SceneDelegate.swift in Sources */ = {isa = PBXBuildFile; fileRef = 52C1EF5E2AD083E800FAEDAA /* SceneDelegate.swift */; };
		52C1EF612AD083E800FAEDAA /* ImagesListViewController..swift in Sources */ = {isa = PBXBuildFile; fileRef = 52C1EF602AD083E800FAEDAA /* ImagesListViewController..swift */; };
		52C1EF642AD083E800FAEDAA /* Main.storyboard in Resources */ = {isa = PBXBuildFile; fileRef = 52C1EF622AD083E800FAEDAA /* Main.storyboard */; };
		52C1EF662AD083E900FAEDAA /* Assets.xcassets in Resources */ = {isa = PBXBuildFile; fileRef = 52C1EF652AD083E900FAEDAA /* Assets.xcassets */; };
		52C1EF692AD083E900FAEDAA /* LaunchScreen.storyboard in Resources */ = {isa = PBXBuildFile; fileRef = 52C1EF672AD083E900FAEDAA /* LaunchScreen.storyboard */; };
		52CD148D2AFB8E9100AC3884 /* AuthViewController.swift in Sources */ = {isa = PBXBuildFile; fileRef = 52CD148C2AFB8E9100AC3884 /* AuthViewController.swift */; };
		52CD148F2AFB912200AC3884 /* Constants.swift in Sources */ = {isa = PBXBuildFile; fileRef = 52CD148E2AFB912200AC3884 /* Constants.swift */; };
		52CD14912AFB91E200AC3884 /* WebViewViewController.swift in Sources */ = {isa = PBXBuildFile; fileRef = 52CD14902AFB91E200AC3884 /* WebViewViewController.swift */; };
		52CD14932B0114C000AC3884 /* OAuthTokenResponseBody.swift in Sources */ = {isa = PBXBuildFile; fileRef = 52CD14922B0114C000AC3884 /* OAuthTokenResponseBody.swift */; };
		52CD14952B01150900AC3884 /* OAuth2Service.swift in Sources */ = {isa = PBXBuildFile; fileRef = 52CD14942B01150900AC3884 /* OAuth2Service.swift */; };
		52CD14972B0115F100AC3884 /* OAuth2TokenStorage.swift in Sources */ = {isa = PBXBuildFile; fileRef = 52CD14962B0115F100AC3884 /* OAuth2TokenStorage.swift */; };
		52CD149A2B03D60D00AC3884 /* SplashViewController.swift in Sources */ = {isa = PBXBuildFile; fileRef = 52CD14992B03D60D00AC3884 /* SplashViewController.swift */; };
		52F7354C2AE94EDF0009E20F /* SingleImageViewController.swift in Sources */ = {isa = PBXBuildFile; fileRef = 52F7354B2AE94EDF0009E20F /* SingleImageViewController.swift */; };
/* End PBXBuildFile section */

/* Begin PBXFileReference section */
		520142FF2B17603F00E7A5BE /* NetworkError.swift */ = {isa = PBXFileReference; lastKnownFileType = sourcecode.swift; path = NetworkError.swift; sourceTree = "<group>"; };
		5207BD622ADC3F3400979A94 /* ImagesListCell.swift */ = {isa = PBXFileReference; lastKnownFileType = sourcecode.swift; path = ImagesListCell.swift; sourceTree = "<group>"; };
		5222F4B02B2C64E7002657A0 /* TabBarController.swift */ = {isa = PBXFileReference; lastKnownFileType = sourcecode.swift; path = TabBarController.swift; sourceTree = "<group>"; };
		5222F4B22B2DDCBF002657A0 /* AlertPresenter.swift */ = {isa = PBXFileReference; lastKnownFileType = sourcecode.swift; path = AlertPresenter.swift; sourceTree = "<group>"; };
		52527DC92B20902400452F56 /* UIBlockingProgressHUD.swift */ = {isa = PBXFileReference; lastKnownFileType = sourcecode.swift; path = UIBlockingProgressHUD.swift; sourceTree = "<group>"; };
		52527DCB2B20922C00452F56 /* ProfileService.swift */ = {isa = PBXFileReference; lastKnownFileType = sourcecode.swift; path = ProfileService.swift; sourceTree = "<group>"; };
		52527DCD2B20938D00452F56 /* ProfilrStructure.swift */ = {isa = PBXFileReference; lastKnownFileType = sourcecode.swift; path = ProfilrStructure.swift; sourceTree = "<group>"; };
		52527DCF2B21E1CA00452F56 /* Extenslons+ReqestBuilder.swift */ = {isa = PBXFileReference; lastKnownFileType = sourcecode.swift; path = "Extenslons+ReqestBuilder.swift"; sourceTree = "<group>"; };
		527FD63F2B25EA6C001B4F6A /* ProfileImageService.swift */ = {isa = PBXFileReference; lastKnownFileType = sourcecode.swift; path = ProfileImageService.swift; sourceTree = "<group>"; };
		52A9D93C2AE3CE2B00927024 /* ProfileViewController.swift */ = {isa = PBXFileReference; lastKnownFileType = sourcecode.swift; path = ProfileViewController.swift; sourceTree = "<group>"; };
		52C1EF592AD083E800FAEDAA /* ImageFeed.app */ = {isa = PBXFileReference; explicitFileType = wrapper.application; includeInIndex = 0; path = ImageFeed.app; sourceTree = BUILT_PRODUCTS_DIR; };
		52C1EF5C2AD083E800FAEDAA /* AppDelegate.swift */ = {isa = PBXFileReference; lastKnownFileType = sourcecode.swift; path = AppDelegate.swift; sourceTree = "<group>"; };
		52C1EF5E2AD083E800FAEDAA /* SceneDelegate.swift */ = {isa = PBXFileReference; lastKnownFileType = sourcecode.swift; path = SceneDelegate.swift; sourceTree = "<group>"; };
		52C1EF602AD083E800FAEDAA /* ImagesListViewController..swift */ = {isa = PBXFileReference; lastKnownFileType = sourcecode.swift; path = ImagesListViewController..swift; sourceTree = "<group>"; };
		52C1EF632AD083E800FAEDAA /* Base */ = {isa = PBXFileReference; lastKnownFileType = file.storyboard; name = Base; path = Base.lproj/Main.storyboard; sourceTree = "<group>"; };
		52C1EF652AD083E900FAEDAA /* Assets.xcassets */ = {isa = PBXFileReference; lastKnownFileType = folder.assetcatalog; path = Assets.xcassets; sourceTree = "<group>"; };
		52C1EF682AD083E900FAEDAA /* Base */ = {isa = PBXFileReference; lastKnownFileType = file.storyboard; name = Base; path = Base.lproj/LaunchScreen.storyboard; sourceTree = "<group>"; };
		52C1EF6A2AD083E900FAEDAA /* Info.plist */ = {isa = PBXFileReference; lastKnownFileType = text.plist.xml; path = Info.plist; sourceTree = "<group>"; };
		52CD148C2AFB8E9100AC3884 /* AuthViewController.swift */ = {isa = PBXFileReference; lastKnownFileType = sourcecode.swift; path = AuthViewController.swift; sourceTree = "<group>"; };
		52CD148E2AFB912200AC3884 /* Constants.swift */ = {isa = PBXFileReference; lastKnownFileType = sourcecode.swift; path = Constants.swift; sourceTree = "<group>"; };
		52CD14902AFB91E200AC3884 /* WebViewViewController.swift */ = {isa = PBXFileReference; lastKnownFileType = sourcecode.swift; path = WebViewViewController.swift; sourceTree = "<group>"; };
		52CD14922B0114C000AC3884 /* OAuthTokenResponseBody.swift */ = {isa = PBXFileReference; lastKnownFileType = sourcecode.swift; path = OAuthTokenResponseBody.swift; sourceTree = "<group>"; };
		52CD14942B01150900AC3884 /* OAuth2Service.swift */ = {isa = PBXFileReference; lastKnownFileType = sourcecode.swift; path = OAuth2Service.swift; sourceTree = "<group>"; };
		52CD14962B0115F100AC3884 /* OAuth2TokenStorage.swift */ = {isa = PBXFileReference; lastKnownFileType = sourcecode.swift; path = OAuth2TokenStorage.swift; sourceTree = "<group>"; };
		52CD14992B03D60D00AC3884 /* SplashViewController.swift */ = {isa = PBXFileReference; lastKnownFileType = sourcecode.swift; path = SplashViewController.swift; sourceTree = "<group>"; };
		52F7354B2AE94EDF0009E20F /* SingleImageViewController.swift */ = {isa = PBXFileReference; lastKnownFileType = sourcecode.swift; path = SingleImageViewController.swift; sourceTree = "<group>"; };
/* End PBXFileReference section */

/* Begin PBXFrameworksBuildPhase section */
		52C1EF562AD083E800FAEDAA /* Frameworks */ = {
			isa = PBXFrameworksBuildPhase;
			buildActionMask = 2147483647;
			files = (
				5222F4AB2B2B2F35002657A0 /* Kingfisher in Frameworks */,
				52527DC82B20661A00452F56 /* ProgressHUD in Frameworks */,
				5222F4AE2B2B305B002657A0 /* SwiftKeychainWrapper in Frameworks */,
			);
			runOnlyForDeploymentPostprocessing = 0;
		};
/* End PBXFrameworksBuildPhase section */

/* Begin PBXGroup section */
		5207BD642ADC3FB700979A94 /* ImagesList */ = {
			isa = PBXGroup;
			children = (
				52C1EF602AD083E800FAEDAA /* ImagesListViewController..swift */,
				5207BD622ADC3F3400979A94 /* ImagesListCell.swift */,
				52F7354B2AE94EDF0009E20F /* SingleImageViewController.swift */,
			);
			path = ImagesList;
			sourceTree = "<group>";
		};
		5222F4AF2B2C64D3002657A0 /* TabBar */ = {
			isa = PBXGroup;
			children = (
				5222F4B02B2C64E7002657A0 /* TabBarController.swift */,
			);
			path = TabBar;
			sourceTree = "<group>";
		};
		52A9D93B2AE3CDA300927024 /* Profile */ = {
			isa = PBXGroup;
			children = (
				52A9D93C2AE3CE2B00927024 /* ProfileViewController.swift */,
				52527DCB2B20922C00452F56 /* ProfileService.swift */,
				52527DCD2B20938D00452F56 /* ProfilrStructure.swift */,
				527FD63F2B25EA6C001B4F6A /* ProfileImageService.swift */,
			);
			path = Profile;
			sourceTree = "<group>";
		};
		52C1EF502AD083E800FAEDAA = {
			isa = PBXGroup;
			children = (
				5222F4AF2B2C64D3002657A0 /* TabBar */,
				52CD14982B03D5FB00AC3884 /* SplashViewController */,
				52CD148B2AFB8E5700AC3884 /* Auth */,
				5207BD642ADC3FB700979A94 /* ImagesList */,
				52A9D93B2AE3CDA300927024 /* Profile */,
				52C1EF5B2AD083E800FAEDAA /* ImageFeed */,
				52C1EF5A2AD083E800FAEDAA /* Products */,
			);
			sourceTree = "<group>";
		};
		52C1EF5A2AD083E800FAEDAA /* Products */ = {
			isa = PBXGroup;
			children = (
				52C1EF592AD083E800FAEDAA /* ImageFeed.app */,
			);
			name = Products;
			sourceTree = "<group>";
		};
		52C1EF5B2AD083E800FAEDAA /* ImageFeed */ = {
			isa = PBXGroup;
			children = (
				52CD14922B0114C000AC3884 /* OAuthTokenResponseBody.swift */,
				52CD148E2AFB912200AC3884 /* Constants.swift */,
				52C1EF5C2AD083E800FAEDAA /* AppDelegate.swift */,
				52C1EF5E2AD083E800FAEDAA /* SceneDelegate.swift */,
				52C1EF622AD083E800FAEDAA /* Main.storyboard */,
				52C1EF652AD083E900FAEDAA /* Assets.xcassets */,
				52C1EF672AD083E900FAEDAA /* LaunchScreen.storyboard */,
				52C1EF6A2AD083E900FAEDAA /* Info.plist */,
				520142FF2B17603F00E7A5BE /* NetworkError.swift */,
				52527DCF2B21E1CA00452F56 /* Extenslons+ReqestBuilder.swift */,
				5222F4B22B2DDCBF002657A0 /* AlertPresenter.swift */,
			);
			path = ImageFeed;
			sourceTree = "<group>";
		};
		52CD148B2AFB8E5700AC3884 /* Auth */ = {
			isa = PBXGroup;
			children = (
				52CD148C2AFB8E9100AC3884 /* AuthViewController.swift */,
				52CD14902AFB91E200AC3884 /* WebViewViewController.swift */,
				52CD14942B01150900AC3884 /* OAuth2Service.swift */,
				52CD14962B0115F100AC3884 /* OAuth2TokenStorage.swift */,
				52527DC92B20902400452F56 /* UIBlockingProgressHUD.swift */,
			);
			path = Auth;
			sourceTree = "<group>";
		};
		52CD14982B03D5FB00AC3884 /* SplashViewController */ = {
			isa = PBXGroup;
			children = (
				52CD14992B03D60D00AC3884 /* SplashViewController.swift */,
			);
			path = SplashViewController;
			sourceTree = "<group>";
		};
/* End PBXGroup section */

/* Begin PBXNativeTarget section */
		52C1EF582AD083E800FAEDAA /* ImageFeed */ = {
			isa = PBXNativeTarget;
			buildConfigurationList = 52C1EF6D2AD083E900FAEDAA /* Build configuration list for PBXNativeTarget "ImageFeed" */;
			buildPhases = (
				52C1EF552AD083E800FAEDAA /* Sources */,
				52C1EF562AD083E800FAEDAA /* Frameworks */,
				52C1EF572AD083E800FAEDAA /* Resources */,
			);
			buildRules = (
			);
			dependencies = (
			);
			name = ImageFeed;
			packageProductDependencies = (
				52527DC72B20661A00452F56 /* ProgressHUD */,
				5222F4AA2B2B2F35002657A0 /* Kingfisher */,
				5222F4AD2B2B305B002657A0 /* SwiftKeychainWrapper */,
			);
			productName = ImageFeed;
			productReference = 52C1EF592AD083E800FAEDAA /* ImageFeed.app */;
			productType = "com.apple.product-type.application";
		};
/* End PBXNativeTarget section */

/* Begin PBXProject section */
		52C1EF512AD083E800FAEDAA /* Project object */ = {
			isa = PBXProject;
			attributes = {
				BuildIndependentTargetsInParallel = 1;
				LastSwiftUpdateCheck = 1500;
				LastUpgradeCheck = 1500;
				TargetAttributes = {
					52C1EF582AD083E800FAEDAA = {
						CreatedOnToolsVersion = 15.0;
					};
				};
			};
			buildConfigurationList = 52C1EF542AD083E800FAEDAA /* Build configuration list for PBXProject "ImageFeed" */;
			compatibilityVersion = "Xcode 14.0";
			developmentRegion = en;
			hasScannedForEncodings = 0;
			knownRegions = (
				en,
				Base,
			);
			mainGroup = 52C1EF502AD083E800FAEDAA;
			packageReferences = (
				52527DC62B20661A00452F56 /* XCRemoteSwiftPackageReference "ProgressHUD" */,
				5222F4A92B2B2F35002657A0 /* XCRemoteSwiftPackageReference "Kingfisher" */,
				5222F4AC2B2B305B002657A0 /* XCRemoteSwiftPackageReference "SwiftKeychainWrapper" */,
			);
			productRefGroup = 52C1EF5A2AD083E800FAEDAA /* Products */;
			projectDirPath = "";
			projectRoot = "";
			targets = (
				52C1EF582AD083E800FAEDAA /* ImageFeed */,
			);
		};
/* End PBXProject section */

/* Begin PBXResourcesBuildPhase section */
		52C1EF572AD083E800FAEDAA /* Resources */ = {
			isa = PBXResourcesBuildPhase;
			buildActionMask = 2147483647;
			files = (
				52C1EF692AD083E900FAEDAA /* LaunchScreen.storyboard in Resources */,
				52C1EF662AD083E900FAEDAA /* Assets.xcassets in Resources */,
				52C1EF642AD083E800FAEDAA /* Main.storyboard in Resources */,
			);
			runOnlyForDeploymentPostprocessing = 0;
		};
/* End PBXResourcesBuildPhase section */

/* Begin PBXSourcesBuildPhase section */
		52C1EF552AD083E800FAEDAA /* Sources */ = {
			isa = PBXSourcesBuildPhase;
			buildActionMask = 2147483647;
			files = (
				52CD14972B0115F100AC3884 /* OAuth2TokenStorage.swift in Sources */,
				52527DCE2B20938D00452F56 /* ProfilrStructure.swift in Sources */,
				52527DCC2B20922C00452F56 /* ProfileService.swift in Sources */,
				520143002B17603F00E7A5BE /* NetworkError.swift in Sources */,
				52C1EF612AD083E800FAEDAA /* ImagesListViewController..swift in Sources */,
				5207BD632ADC3F3400979A94 /* ImagesListCell.swift in Sources */,
				52527DD02B21E1CA00452F56 /* Extenslons+ReqestBuilder.swift in Sources */,
				52A9D93D2AE3CE2B00927024 /* ProfileViewController.swift in Sources */,
				5222F4B32B2DDCBF002657A0 /* AlertPresenter.swift in Sources */,
				52CD148D2AFB8E9100AC3884 /* AuthViewController.swift in Sources */,
				52CD14952B01150900AC3884 /* OAuth2Service.swift in Sources */,
				52CD149A2B03D60D00AC3884 /* SplashViewController.swift in Sources */,
				527FD6402B25EA6C001B4F6A /* ProfileImageService.swift in Sources */,
				52527DCA2B20902400452F56 /* UIBlockingProgressHUD.swift in Sources */,
				5222F4B12B2C64E7002657A0 /* TabBarController.swift in Sources */,
				52CD14932B0114C000AC3884 /* OAuthTokenResponseBody.swift in Sources */,
				52C1EF5D2AD083E800FAEDAA /* AppDelegate.swift in Sources */,
				52F7354C2AE94EDF0009E20F /* SingleImageViewController.swift in Sources */,
				52C1EF5F2AD083E800FAEDAA /* SceneDelegate.swift in Sources */,
				52CD14912AFB91E200AC3884 /* WebViewViewController.swift in Sources */,
				52CD148F2AFB912200AC3884 /* Constants.swift in Sources */,
			);
			runOnlyForDeploymentPostprocessing = 0;
		};
/* End PBXSourcesBuildPhase section */

/* Begin PBXVariantGroup section */
		52C1EF622AD083E800FAEDAA /* Main.storyboard */ = {
			isa = PBXVariantGroup;
			children = (
				52C1EF632AD083E800FAEDAA /* Base */,
			);
			name = Main.storyboard;
			sourceTree = "<group>";
		};
		52C1EF672AD083E900FAEDAA /* LaunchScreen.storyboard */ = {
			isa = PBXVariantGroup;
			children = (
				52C1EF682AD083E900FAEDAA /* Base */,
			);
			name = LaunchScreen.storyboard;
			sourceTree = "<group>";
		};
/* End PBXVariantGroup section */

/* Begin XCBuildConfiguration section */
		52C1EF6B2AD083E900FAEDAA /* Debug */ = {
			isa = XCBuildConfiguration;
			buildSettings = {
				ALWAYS_SEARCH_USER_PATHS = NO;
				ASSETCATALOG_COMPILER_GENERATE_SWIFT_ASSET_SYMBOL_EXTENSIONS = YES;
				CLANG_ANALYZER_NONNULL = YES;
				CLANG_ANALYZER_NUMBER_OBJECT_CONVERSION = YES_AGGRESSIVE;
				CLANG_CXX_LANGUAGE_STANDARD = "gnu++20";
				CLANG_ENABLE_MODULES = YES;
				CLANG_ENABLE_OBJC_ARC = YES;
				CLANG_ENABLE_OBJC_WEAK = YES;
				CLANG_WARN_BLOCK_CAPTURE_AUTORELEASING = YES;
				CLANG_WARN_BOOL_CONVERSION = YES;
				CLANG_WARN_COMMA = YES;
				CLANG_WARN_CONSTANT_CONVERSION = YES;
				CLANG_WARN_DEPRECATED_OBJC_IMPLEMENTATIONS = YES;
				CLANG_WARN_DIRECT_OBJC_ISA_USAGE = YES_ERROR;
				CLANG_WARN_DOCUMENTATION_COMMENTS = YES;
				CLANG_WARN_EMPTY_BODY = YES;
				CLANG_WARN_ENUM_CONVERSION = YES;
				CLANG_WARN_INFINITE_RECURSION = YES;
				CLANG_WARN_INT_CONVERSION = YES;
				CLANG_WARN_NON_LITERAL_NULL_CONVERSION = YES;
				CLANG_WARN_OBJC_IMPLICIT_RETAIN_SELF = YES;
				CLANG_WARN_OBJC_LITERAL_CONVERSION = YES;
				CLANG_WARN_OBJC_ROOT_CLASS = YES_ERROR;
				CLANG_WARN_QUOTED_INCLUDE_IN_FRAMEWORK_HEADER = YES;
				CLANG_WARN_RANGE_LOOP_ANALYSIS = YES;
				CLANG_WARN_STRICT_PROTOTYPES = YES;
				CLANG_WARN_SUSPICIOUS_MOVE = YES;
				CLANG_WARN_UNGUARDED_AVAILABILITY = YES_AGGRESSIVE;
				CLANG_WARN_UNREACHABLE_CODE = YES;
				CLANG_WARN__DUPLICATE_METHOD_MATCH = YES;
				COPY_PHASE_STRIP = NO;
				DEBUG_INFORMATION_FORMAT = dwarf;
				ENABLE_STRICT_OBJC_MSGSEND = YES;
				ENABLE_TESTABILITY = YES;
				ENABLE_USER_SCRIPT_SANDBOXING = YES;
				GCC_C_LANGUAGE_STANDARD = gnu17;
				GCC_DYNAMIC_NO_PIC = NO;
				GCC_NO_COMMON_BLOCKS = YES;
				GCC_OPTIMIZATION_LEVEL = 0;
				GCC_PREPROCESSOR_DEFINITIONS = (
					"DEBUG=1",
					"$(inherited)",
				);
				GCC_WARN_64_TO_32_BIT_CONVERSION = YES;
				GCC_WARN_ABOUT_RETURN_TYPE = YES_ERROR;
				GCC_WARN_UNDECLARED_SELECTOR = YES;
				GCC_WARN_UNINITIALIZED_AUTOS = YES_AGGRESSIVE;
				GCC_WARN_UNUSED_FUNCTION = YES;
				GCC_WARN_UNUSED_VARIABLE = YES;
				IPHONEOS_DEPLOYMENT_TARGET = 13.0;
				LOCALIZATION_PREFERS_STRING_CATALOGS = YES;
				MTL_ENABLE_DEBUG_INFO = INCLUDE_SOURCE;
				MTL_FAST_MATH = YES;
				ONLY_ACTIVE_ARCH = YES;
				SDKROOT = iphoneos;
				SWIFT_ACTIVE_COMPILATION_CONDITIONS = "DEBUG $(inherited)";
				SWIFT_OPTIMIZATION_LEVEL = "-Onone";
			};
			name = Debug;
		};
		52C1EF6C2AD083E900FAEDAA /* Release */ = {
			isa = XCBuildConfiguration;
			buildSettings = {
				ALWAYS_SEARCH_USER_PATHS = NO;
				ASSETCATALOG_COMPILER_GENERATE_SWIFT_ASSET_SYMBOL_EXTENSIONS = YES;
				CLANG_ANALYZER_NONNULL = YES;
				CLANG_ANALYZER_NUMBER_OBJECT_CONVERSION = YES_AGGRESSIVE;
				CLANG_CXX_LANGUAGE_STANDARD = "gnu++20";
				CLANG_ENABLE_MODULES = YES;
				CLANG_ENABLE_OBJC_ARC = YES;
				CLANG_ENABLE_OBJC_WEAK = YES;
				CLANG_WARN_BLOCK_CAPTURE_AUTORELEASING = YES;
				CLANG_WARN_BOOL_CONVERSION = YES;
				CLANG_WARN_COMMA = YES;
				CLANG_WARN_CONSTANT_CONVERSION = YES;
				CLANG_WARN_DEPRECATED_OBJC_IMPLEMENTATIONS = YES;
				CLANG_WARN_DIRECT_OBJC_ISA_USAGE = YES_ERROR;
				CLANG_WARN_DOCUMENTATION_COMMENTS = YES;
				CLANG_WARN_EMPTY_BODY = YES;
				CLANG_WARN_ENUM_CONVERSION = YES;
				CLANG_WARN_INFINITE_RECURSION = YES;
				CLANG_WARN_INT_CONVERSION = YES;
				CLANG_WARN_NON_LITERAL_NULL_CONVERSION = YES;
				CLANG_WARN_OBJC_IMPLICIT_RETAIN_SELF = YES;
				CLANG_WARN_OBJC_LITERAL_CONVERSION = YES;
				CLANG_WARN_OBJC_ROOT_CLASS = YES_ERROR;
				CLANG_WARN_QUOTED_INCLUDE_IN_FRAMEWORK_HEADER = YES;
				CLANG_WARN_RANGE_LOOP_ANALYSIS = YES;
				CLANG_WARN_STRICT_PROTOTYPES = YES;
				CLANG_WARN_SUSPICIOUS_MOVE = YES;
				CLANG_WARN_UNGUARDED_AVAILABILITY = YES_AGGRESSIVE;
				CLANG_WARN_UNREACHABLE_CODE = YES;
				CLANG_WARN__DUPLICATE_METHOD_MATCH = YES;
				COPY_PHASE_STRIP = NO;
				DEBUG_INFORMATION_FORMAT = "dwarf-with-dsym";
				ENABLE_NS_ASSERTIONS = NO;
				ENABLE_STRICT_OBJC_MSGSEND = YES;
				ENABLE_USER_SCRIPT_SANDBOXING = YES;
				GCC_C_LANGUAGE_STANDARD = gnu17;
				GCC_NO_COMMON_BLOCKS = YES;
				GCC_WARN_64_TO_32_BIT_CONVERSION = YES;
				GCC_WARN_ABOUT_RETURN_TYPE = YES_ERROR;
				GCC_WARN_UNDECLARED_SELECTOR = YES;
				GCC_WARN_UNINITIALIZED_AUTOS = YES_AGGRESSIVE;
				GCC_WARN_UNUSED_FUNCTION = YES;
				GCC_WARN_UNUSED_VARIABLE = YES;
				IPHONEOS_DEPLOYMENT_TARGET = 13.0;
				LOCALIZATION_PREFERS_STRING_CATALOGS = YES;
				MTL_ENABLE_DEBUG_INFO = NO;
				MTL_FAST_MATH = YES;
				SDKROOT = iphoneos;
				SWIFT_COMPILATION_MODE = wholemodule;
				VALIDATE_PRODUCT = YES;
			};
			name = Release;
		};
		52C1EF6E2AD083E900FAEDAA /* Debug */ = {
			isa = XCBuildConfiguration;
			buildSettings = {
				ASSETCATALOG_COMPILER_APPICON_NAME = AppIcon;
				ASSETCATALOG_COMPILER_GLOBAL_ACCENT_COLOR_NAME = AccentColor;
				CODE_SIGN_STYLE = Automatic;
				CURRENT_PROJECT_VERSION = 1;
				DEVELOPMENT_TEAM = 8Z8RWP8X57;
				GENERATE_INFOPLIST_FILE = YES;
				INFOPLIST_FILE = ImageFeed/Info.plist;
				INFOPLIST_KEY_UIApplicationSupportsIndirectInputEvents = YES;
				INFOPLIST_KEY_UILaunchStoryboardName = LaunchScreen;
				INFOPLIST_KEY_UIMainStoryboardFile = Main;
				INFOPLIST_KEY_UISupportedInterfaceOrientations = UIInterfaceOrientationPortrait;
				IPHONEOS_DEPLOYMENT_TARGET = 13.0;
				LD_RUNPATH_SEARCH_PATHS = (
					"$(inherited)",
					"@executable_path/Frameworks",
				);
				MARKETING_VERSION = 1.0;
				PRODUCT_BUNDLE_IDENTIFIER = com.DenisB.ImageFeed;
				PRODUCT_NAME = "$(TARGET_NAME)";
				SUPPORTED_PLATFORMS = "iphoneos iphonesimulator";
				SUPPORTS_MACCATALYST = NO;
				SWIFT_EMIT_LOC_STRINGS = YES;
				SWIFT_VERSION = 5.0;
				TARGETED_DEVICE_FAMILY = 1;
			};
			name = Debug;
		};
		52C1EF6F2AD083E900FAEDAA /* Release */ = {
			isa = XCBuildConfiguration;
			buildSettings = {
				ASSETCATALOG_COMPILER_APPICON_NAME = AppIcon;
				ASSETCATALOG_COMPILER_GLOBAL_ACCENT_COLOR_NAME = AccentColor;
				CODE_SIGN_STYLE = Automatic;
				CURRENT_PROJECT_VERSION = 1;
				DEVELOPMENT_TEAM = 8Z8RWP8X57;
				GENERATE_INFOPLIST_FILE = YES;
				INFOPLIST_FILE = ImageFeed/Info.plist;
				INFOPLIST_KEY_UIApplicationSupportsIndirectInputEvents = YES;
				INFOPLIST_KEY_UILaunchStoryboardName = LaunchScreen;
				INFOPLIST_KEY_UIMainStoryboardFile = Main;
				INFOPLIST_KEY_UISupportedInterfaceOrientations = UIInterfaceOrientationPortrait;
				IPHONEOS_DEPLOYMENT_TARGET = 13.0;
				LD_RUNPATH_SEARCH_PATHS = (
					"$(inherited)",
					"@executable_path/Frameworks",
				);
				MARKETING_VERSION = 1.0;
				PRODUCT_BUNDLE_IDENTIFIER = com.DenisB.ImageFeed;
				PRODUCT_NAME = "$(TARGET_NAME)";
				SUPPORTED_PLATFORMS = "iphoneos iphonesimulator";
				SUPPORTS_MACCATALYST = NO;
				SWIFT_EMIT_LOC_STRINGS = YES;
				SWIFT_VERSION = 5.0;
				TARGETED_DEVICE_FAMILY = 1;
			};
			name = Release;
		};
/* End XCBuildConfiguration section */

/* Begin XCConfigurationList section */
		52C1EF542AD083E800FAEDAA /* Build configuration list for PBXProject "ImageFeed" */ = {
			isa = XCConfigurationList;
			buildConfigurations = (
				52C1EF6B2AD083E900FAEDAA /* Debug */,
				52C1EF6C2AD083E900FAEDAA /* Release */,
			);
			defaultConfigurationIsVisible = 0;
			defaultConfigurationName = Release;
		};
		52C1EF6D2AD083E900FAEDAA /* Build configuration list for PBXNativeTarget "ImageFeed" */ = {
			isa = XCConfigurationList;
			buildConfigurations = (
				52C1EF6E2AD083E900FAEDAA /* Debug */,
				52C1EF6F2AD083E900FAEDAA /* Release */,
			);
			defaultConfigurationIsVisible = 0;
			defaultConfigurationName = Release;
		};
/* End XCConfigurationList section */

/* Begin XCRemoteSwiftPackageReference section */
		5222F4A92B2B2F35002657A0 /* XCRemoteSwiftPackageReference "Kingfisher" */ = {
			isa = XCRemoteSwiftPackageReference;
			repositoryURL = "https://github.com/onevcat/Kingfisher";
			requirement = {
				kind = exactVersion;
				version = 7.10.0;
			};
		};
		5222F4AC2B2B305B002657A0 /* XCRemoteSwiftPackageReference "SwiftKeychainWrapper" */ = {
			isa = XCRemoteSwiftPackageReference;
			repositoryURL = "https://github.com/jrendel/SwiftKeychainWrapper";
			requirement = {
				kind = exactVersion;
				version = 4.0.1;
			};
		};
		52527DC62B20661A00452F56 /* XCRemoteSwiftPackageReference "ProgressHUD" */ = {
			isa = XCRemoteSwiftPackageReference;
			repositoryURL = "https://github.com/relatedcode/ProgressHUD";
			requirement = {
				kind = exactVersion;
				version = 13.6.1;
			};
		};
/* End XCRemoteSwiftPackageReference section */

/* Begin XCSwiftPackageProductDependency section */
		5222F4AA2B2B2F35002657A0 /* Kingfisher */ = {
			isa = XCSwiftPackageProductDependency;
			package = 5222F4A92B2B2F35002657A0 /* XCRemoteSwiftPackageReference "Kingfisher" */;
			productName = Kingfisher;
		};
		5222F4AD2B2B305B002657A0 /* SwiftKeychainWrapper */ = {
			isa = XCSwiftPackageProductDependency;
			package = 5222F4AC2B2B305B002657A0 /* XCRemoteSwiftPackageReference "SwiftKeychainWrapper" */;
			productName = SwiftKeychainWrapper;
		};
		52527DC72B20661A00452F56 /* ProgressHUD */ = {
			isa = XCSwiftPackageProductDependency;
			package = 52527DC62B20661A00452F56 /* XCRemoteSwiftPackageReference "ProgressHUD" */;
			productName = ProgressHUD;
		};
/* End XCSwiftPackageProductDependency section */
	};
	rootObject = 52C1EF512AD083E800FAEDAA /* Project object */;
}
